// !$*UTF8*$!
{
	archiveVersion = 1;
	classes = {
	};
	objectVersion = 46;
	objects = {

/* Begin PBXBuildFile section */
		C6A9F1861B35D69E0047FB72 /* AppDelegate.swift in Sources */ = {isa = PBXBuildFile; fileRef = C6A9F1851B35D69E0047FB72 /* AppDelegate.swift */; };
		C6A9F1881B35D69E0047FB72 /* FirstViewController.swift in Sources */ = {isa = PBXBuildFile; fileRef = C6A9F1871B35D69E0047FB72 /* FirstViewController.swift */; };
		C6A9F18A1B35D69E0047FB72 /* SecondViewController.swift in Sources */ = {isa = PBXBuildFile; fileRef = C6A9F1891B35D69E0047FB72 /* SecondViewController.swift */; };
		C6A9F18D1B35D69E0047FB72 /* Main.storyboard in Resources */ = {isa = PBXBuildFile; fileRef = C6A9F18B1B35D69E0047FB72 /* Main.storyboard */; };
		C6A9F18F1B35D69E0047FB72 /* Assets.xcassets in Resources */ = {isa = PBXBuildFile; fileRef = C6A9F18E1B35D69E0047FB72 /* Assets.xcassets */; };
		C6A9F1921B35D69E0047FB72 /* LaunchScreen.storyboard in Resources */ = {isa = PBXBuildFile; fileRef = C6A9F1901B35D69E0047FB72 /* LaunchScreen.storyboard */; };
		C6A9F19D1B35D69E0047FB72 /* TinyGripTests.swift in Sources */ = {isa = PBXBuildFile; fileRef = C6A9F19C1B35D69E0047FB72 /* TinyGripTests.swift */; };
		C6A9F1A81B35D69E0047FB72 /* TinyGripUITests.swift in Sources */ = {isa = PBXBuildFile; fileRef = C6A9F1A71B35D69E0047FB72 /* TinyGripUITests.swift */; };
/* End PBXBuildFile section */

/* Begin PBXContainerItemProxy section */
		C6A9F1991B35D69E0047FB72 /* PBXContainerItemProxy */ = {
			isa = PBXContainerItemProxy;
			containerPortal = C6A9F17A1B35D69E0047FB72 /* Project object */;
			proxyType = 1;
			remoteGlobalIDString = C6A9F1811B35D69E0047FB72;
			remoteInfo = TinyGrip;
		};
		C6A9F1A41B35D69E0047FB72 /* PBXContainerItemProxy */ = {
			isa = PBXContainerItemProxy;
			containerPortal = C6A9F17A1B35D69E0047FB72 /* Project object */;
			proxyType = 1;
			remoteGlobalIDString = C6A9F1811B35D69E0047FB72;
			remoteInfo = TinyGrip;
		};
/* End PBXContainerItemProxy section */

/* Begin PBXFileReference section */
		C6A9F1821B35D69E0047FB72 /* TinyGrip.app */ = {isa = PBXFileReference; explicitFileType = wrapper.application; includeInIndex = 0; path = TinyGrip.app; sourceTree = BUILT_PRODUCTS_DIR; };
		C6A9F1851B35D69E0047FB72 /* AppDelegate.swift */ = {isa = PBXFileReference; lastKnownFileType = sourcecode.swift; path = AppDelegate.swift; sourceTree = "<group>"; };
		C6A9F1871B35D69E0047FB72 /* FirstViewController.swift */ = {isa = PBXFileReference; lastKnownFileType = sourcecode.swift; path = FirstViewController.swift; sourceTree = "<group>"; };
		C6A9F1891B35D69E0047FB72 /* SecondViewController.swift */ = {isa = PBXFileReference; lastKnownFileType = sourcecode.swift; path = SecondViewController.swift; sourceTree = "<group>"; };
		C6A9F18C1B35D69E0047FB72 /* Base */ = {isa = PBXFileReference; lastKnownFileType = file.storyboard; name = Base; path = Base.lproj/Main.storyboard; sourceTree = "<group>"; };
		C6A9F18E1B35D69E0047FB72 /* Assets.xcassets */ = {isa = PBXFileReference; lastKnownFileType = folder.assetcatalog; path = Assets.xcassets; sourceTree = "<group>"; };
		C6A9F1911B35D69E0047FB72 /* Base */ = {isa = PBXFileReference; lastKnownFileType = file.storyboard; name = Base; path = Base.lproj/LaunchScreen.storyboard; sourceTree = "<group>"; };
		C6A9F1931B35D69E0047FB72 /* Info.plist */ = {isa = PBXFileReference; lastKnownFileType = text.plist.xml; path = Info.plist; sourceTree = "<group>"; };
		C6A9F1981B35D69E0047FB72 /* TinyGripTests.xctest */ = {isa = PBXFileReference; explicitFileType = wrapper.cfbundle; includeInIndex = 0; path = TinyGripTests.xctest; sourceTree = BUILT_PRODUCTS_DIR; };
		C6A9F19C1B35D69E0047FB72 /* TinyGripTests.swift */ = {isa = PBXFileReference; lastKnownFileType = sourcecode.swift; path = TinyGripTests.swift; sourceTree = "<group>"; };
		C6A9F19E1B35D69E0047FB72 /* Info.plist */ = {isa = PBXFileReference; lastKnownFileType = text.plist.xml; path = Info.plist; sourceTree = "<group>"; };
		C6A9F1A31B35D69E0047FB72 /* TinyGripUITests.xctest */ = {isa = PBXFileReference; explicitFileType = wrapper.cfbundle; includeInIndex = 0; path = TinyGripUITests.xctest; sourceTree = BUILT_PRODUCTS_DIR; };
		C6A9F1A71B35D69E0047FB72 /* TinyGripUITests.swift */ = {isa = PBXFileReference; lastKnownFileType = sourcecode.swift; path = TinyGripUITests.swift; sourceTree = "<group>"; };
		C6A9F1A91B35D69E0047FB72 /* Info.plist */ = {isa = PBXFileReference; lastKnownFileType = text.plist.xml; path = Info.plist; sourceTree = "<group>"; };
/* End PBXFileReference section */

/* Begin PBXFrameworksBuildPhase section */
		C6A9F17F1B35D69E0047FB72 /* Frameworks */ = {
			isa = PBXFrameworksBuildPhase;
			buildActionMask = 2147483647;
			files = (
			);
			runOnlyForDeploymentPostprocessing = 0;
		};
		C6A9F1951B35D69E0047FB72 /* Frameworks */ = {
			isa = PBXFrameworksBuildPhase;
			buildActionMask = 2147483647;
			files = (
			);
			runOnlyForDeploymentPostprocessing = 0;
		};
		C6A9F1A01B35D69E0047FB72 /* Frameworks */ = {
			isa = PBXFrameworksBuildPhase;
			buildActionMask = 2147483647;
			files = (
			);
			runOnlyForDeploymentPostprocessing = 0;
		};
/* End PBXFrameworksBuildPhase section */

/* Begin PBXGroup section */
		C6A9F1791B35D69E0047FB72 = {
			isa = PBXGroup;
			children = (
				C6A9F1841B35D69E0047FB72 /* TinyGrip */,
				C6A9F19B1B35D69E0047FB72 /* TinyGripTests */,
				C6A9F1A61B35D69E0047FB72 /* TinyGripUITests */,
				C6A9F1831B35D69E0047FB72 /* Products */,
			);
			sourceTree = "<group>";
		};
		C6A9F1831B35D69E0047FB72 /* Products */ = {
			isa = PBXGroup;
			children = (
				C6A9F1821B35D69E0047FB72 /* TinyGrip.app */,
				C6A9F1981B35D69E0047FB72 /* TinyGripTests.xctest */,
				C6A9F1A31B35D69E0047FB72 /* TinyGripUITests.xctest */,
			);
			name = Products;
			sourceTree = "<group>";
		};
		C6A9F1841B35D69E0047FB72 /* TinyGrip */ = {
			isa = PBXGroup;
			children = (
				C6A9F1851B35D69E0047FB72 /* AppDelegate.swift */,
				C6A9F1871B35D69E0047FB72 /* FirstViewController.swift */,
				C6A9F1891B35D69E0047FB72 /* SecondViewController.swift */,
				C6A9F18B1B35D69E0047FB72 /* Main.storyboard */,
				C6A9F18E1B35D69E0047FB72 /* Assets.xcassets */,
				C6A9F1901B35D69E0047FB72 /* LaunchScreen.storyboard */,
				C6A9F1931B35D69E0047FB72 /* Info.plist */,
			);
			path = TinyGrip;
			sourceTree = "<group>";
		};
		C6A9F19B1B35D69E0047FB72 /* TinyGripTests */ = {
			isa = PBXGroup;
			children = (
				C6A9F19C1B35D69E0047FB72 /* TinyGripTests.swift */,
				C6A9F19E1B35D69E0047FB72 /* Info.plist */,
			);
			path = TinyGripTests;
			sourceTree = "<group>";
		};
		C6A9F1A61B35D69E0047FB72 /* TinyGripUITests */ = {
			isa = PBXGroup;
			children = (
				C6A9F1A71B35D69E0047FB72 /* TinyGripUITests.swift */,
				C6A9F1A91B35D69E0047FB72 /* Info.plist */,
			);
			path = TinyGripUITests;
			sourceTree = "<group>";
		};
/* End PBXGroup section */

/* Begin PBXNativeTarget section */
		C6A9F1811B35D69E0047FB72 /* TinyGrip */ = {
			isa = PBXNativeTarget;
			buildConfigurationList = C6A9F1AC1B35D69E0047FB72 /* Build configuration list for PBXNativeTarget "TinyGrip" */;
			buildPhases = (
				C6A9F17E1B35D69E0047FB72 /* Sources */,
				C6A9F17F1B35D69E0047FB72 /* Frameworks */,
				C6A9F1801B35D69E0047FB72 /* Resources */,
			);
			buildRules = (
			);
			dependencies = (
			);
			name = TinyGrip;
			productName = TinyGrip;
			productReference = C6A9F1821B35D69E0047FB72 /* TinyGrip.app */;
			productType = "com.apple.product-type.application";
		};
		C6A9F1971B35D69E0047FB72 /* TinyGripTests */ = {
			isa = PBXNativeTarget;
			buildConfigurationList = C6A9F1AF1B35D69E0047FB72 /* Build configuration list for PBXNativeTarget "TinyGripTests" */;
			buildPhases = (
				C6A9F1941B35D69E0047FB72 /* Sources */,
				C6A9F1951B35D69E0047FB72 /* Frameworks */,
				C6A9F1961B35D69E0047FB72 /* Resources */,
			);
			buildRules = (
			);
			dependencies = (
				C6A9F19A1B35D69E0047FB72 /* PBXTargetDependency */,
			);
			name = TinyGripTests;
			productName = TinyGripTests;
			productReference = C6A9F1981B35D69E0047FB72 /* TinyGripTests.xctest */;
			productType = "com.apple.product-type.bundle.unit-test";
		};
		C6A9F1A21B35D69E0047FB72 /* TinyGripUITests */ = {
			isa = PBXNativeTarget;
			buildConfigurationList = C6A9F1B21B35D69E0047FB72 /* Build configuration list for PBXNativeTarget "TinyGripUITests" */;
			buildPhases = (
				C6A9F19F1B35D69E0047FB72 /* Sources */,
				C6A9F1A01B35D69E0047FB72 /* Frameworks */,
				C6A9F1A11B35D69E0047FB72 /* Resources */,
			);
			buildRules = (
			);
			dependencies = (
				C6A9F1A51B35D69E0047FB72 /* PBXTargetDependency */,
			);
			name = TinyGripUITests;
			productName = TinyGripUITests;
			productReference = C6A9F1A31B35D69E0047FB72 /* TinyGripUITests.xctest */;
			productType = "com.apple.product-type.bundle.ui-testing";
		};
/* End PBXNativeTarget section */

/* Begin PBXProject section */
		C6A9F17A1B35D69E0047FB72 /* Project object */ = {
			isa = PBXProject;
			attributes = {
				LastUpgradeCheck = 0700;
				ORGANIZATIONNAME = TinyGrip;
				TargetAttributes = {
					C6A9F1811B35D69E0047FB72 = {
						CreatedOnToolsVersion = 7.0;
					};
					C6A9F1971B35D69E0047FB72 = {
						CreatedOnToolsVersion = 7.0;
						TestTargetID = C6A9F1811B35D69E0047FB72;
					};
					C6A9F1A21B35D69E0047FB72 = {
						CreatedOnToolsVersion = 7.0;
						TestTargetID = C6A9F1811B35D69E0047FB72;
					};
				};
			};
			buildConfigurationList = C6A9F17D1B35D69E0047FB72 /* Build configuration list for PBXProject "TinyGrip" */;
			compatibilityVersion = "Xcode 3.2";
			developmentRegion = English;
			hasScannedForEncodings = 0;
			knownRegions = (
				en,
				Base,
			);
			mainGroup = C6A9F1791B35D69E0047FB72;
			productRefGroup = C6A9F1831B35D69E0047FB72 /* Products */;
			projectDirPath = "";
			projectRoot = "";
			targets = (
				C6A9F1811B35D69E0047FB72 /* TinyGrip */,
				C6A9F1971B35D69E0047FB72 /* TinyGripTests */,
				C6A9F1A21B35D69E0047FB72 /* TinyGripUITests */,
			);
		};
/* End PBXProject section */

/* Begin PBXResourcesBuildPhase section */
		C6A9F1801B35D69E0047FB72 /* Resources */ = {
			isa = PBXResourcesBuildPhase;
			buildActionMask = 2147483647;
			files = (
				C6A9F1921B35D69E0047FB72 /* LaunchScreen.storyboard in Resources */,
				C6A9F18F1B35D69E0047FB72 /* Assets.xcassets in Resources */,
				C6A9F18D1B35D69E0047FB72 /* Main.storyboard in Resources */,
			);
			runOnlyForDeploymentPostprocessing = 0;
		};
		C6A9F1961B35D69E0047FB72 /* Resources */ = {
			isa = PBXResourcesBuildPhase;
			buildActionMask = 2147483647;
			files = (
			);
			runOnlyForDeploymentPostprocessing = 0;
		};
		C6A9F1A11B35D69E0047FB72 /* Resources */ = {
			isa = PBXResourcesBuildPhase;
			buildActionMask = 2147483647;
			files = (
			);
			runOnlyForDeploymentPostprocessing = 0;
		};
/* End PBXResourcesBuildPhase section */

/* Begin PBXSourcesBuildPhase section */
		C6A9F17E1B35D69E0047FB72 /* Sources */ = {
			isa = PBXSourcesBuildPhase;
			buildActionMask = 2147483647;
			files = (
				C6A9F18A1B35D69E0047FB72 /* SecondViewController.swift in Sources */,
				C6A9F1861B35D69E0047FB72 /* AppDelegate.swift in Sources */,
				C6A9F1881B35D69E0047FB72 /* FirstViewController.swift in Sources */,
			);
			runOnlyForDeploymentPostprocessing = 0;
		};
		C6A9F1941B35D69E0047FB72 /* Sources */ = {
			isa = PBXSourcesBuildPhase;
			buildActionMask = 2147483647;
			files = (
				C6A9F19D1B35D69E0047FB72 /* TinyGripTests.swift in Sources */,
			);
			runOnlyForDeploymentPostprocessing = 0;
		};
		C6A9F19F1B35D69E0047FB72 /* Sources */ = {
			isa = PBXSourcesBuildPhase;
			buildActionMask = 2147483647;
			files = (
				C6A9F1A81B35D69E0047FB72 /* TinyGripUITests.swift in Sources */,
			);
			runOnlyForDeploymentPostprocessing = 0;
		};
/* End PBXSourcesBuildPhase section */

/* Begin PBXTargetDependency section */
		C6A9F19A1B35D69E0047FB72 /* PBXTargetDependency */ = {
			isa = PBXTargetDependency;
			target = C6A9F1811B35D69E0047FB72 /* TinyGrip */;
			targetProxy = C6A9F1991B35D69E0047FB72 /* PBXContainerItemProxy */;
		};
		C6A9F1A51B35D69E0047FB72 /* PBXTargetDependency */ = {
			isa = PBXTargetDependency;
			target = C6A9F1811B35D69E0047FB72 /* TinyGrip */;
			targetProxy = C6A9F1A41B35D69E0047FB72 /* PBXContainerItemProxy */;
		};
/* End PBXTargetDependency section */

/* Begin PBXVariantGroup section */
		C6A9F18B1B35D69E0047FB72 /* Main.storyboard */ = {
			isa = PBXVariantGroup;
			children = (
				C6A9F18C1B35D69E0047FB72 /* Base */,
			);
			name = Main.storyboard;
			sourceTree = "<group>";
		};
		C6A9F1901B35D69E0047FB72 /* LaunchScreen.storyboard */ = {
			isa = PBXVariantGroup;
			children = (
				C6A9F1911B35D69E0047FB72 /* Base */,
			);
			name = LaunchScreen.storyboard;
			sourceTree = "<group>";
		};
/* End PBXVariantGroup section */

/* Begin XCBuildConfiguration section */
		C6A9F1AA1B35D69E0047FB72 /* Debug */ = {
			isa = XCBuildConfiguration;
			buildSettings = {
				ALWAYS_SEARCH_USER_PATHS = NO;
				CLANG_CXX_LANGUAGE_STANDARD = "gnu++0x";
				CLANG_CXX_LIBRARY = "libc++";
				CLANG_ENABLE_MODULES = YES;
				CLANG_ENABLE_OBJC_ARC = YES;
				CLANG_WARN_BOOL_CONVERSION = YES;
				CLANG_WARN_CONSTANT_CONVERSION = YES;
				CLANG_WARN_DIRECT_OBJC_ISA_USAGE = YES_ERROR;
				CLANG_WARN_EMPTY_BODY = YES;
				CLANG_WARN_ENUM_CONVERSION = YES;
				CLANG_WARN_INT_CONVERSION = YES;
				CLANG_WARN_OBJC_ROOT_CLASS = YES_ERROR;
				CLANG_WARN_UNREACHABLE_CODE = YES;
				CLANG_WARN__DUPLICATE_METHOD_MATCH = YES;
				"CODE_SIGN_IDENTITY[sdk=iphoneos*]" = "iPhone Developer";
				COPY_PHASE_STRIP = NO;
				DEBUG_INFORMATION_FORMAT = dwarf;
				ENABLE_STRICT_OBJC_MSGSEND = YES;
				ENABLE_TESTABILITY = YES;
				GCC_C_LANGUAGE_STANDARD = gnu99;
				GCC_DYNAMIC_NO_PIC = NO;
				GCC_NO_COMMON_BLOCKS = YES;
				GCC_OPTIMIZATION_LEVEL = 0;
				GCC_PREPROCESSOR_DEFINITIONS = (
					"DEBUG=1",
					"$(inherited)",
				);
				GCC_WARN_64_TO_32_BIT_CONVERSION = YES;
				GCC_WARN_ABOUT_RETURN_TYPE = YES_ERROR;
				GCC_WARN_UNDECLARED_SELECTOR = YES;
				GCC_WARN_UNINITIALIZED_AUTOS = YES_AGGRESSIVE;
				GCC_WARN_UNUSED_FUNCTION = YES;
				GCC_WARN_UNUSED_VARIABLE = YES;
				IPHONEOS_DEPLOYMENT_TARGET = 9.0;
				MTL_ENABLE_DEBUG_INFO = YES;
				ONLY_ACTIVE_ARCH = YES;
				SDKROOT = iphoneos;
				SWIFT_OPTIMIZATION_LEVEL = "-Onone";
				TARGETED_DEVICE_FAMILY = "1,2";
			};
			name = Debug;
		};
		C6A9F1AB1B35D69E0047FB72 /* Release */ = {
			isa = XCBuildConfiguration;
			buildSettings = {
				ALWAYS_SEARCH_USER_PATHS = NO;
				CLANG_CXX_LANGUAGE_STANDARD = "gnu++0x";
				CLANG_CXX_LIBRARY = "libc++";
				CLANG_ENABLE_MODULES = YES;
				CLANG_ENABLE_OBJC_ARC = YES;
				CLANG_WARN_BOOL_CONVERSION = YES;
				CLANG_WARN_CONSTANT_CONVERSION = YES;
				CLANG_WARN_DIRECT_OBJC_ISA_USAGE = YES_ERROR;
				CLANG_WARN_EMPTY_BODY = YES;
				CLANG_WARN_ENUM_CONVERSION = YES;
				CLANG_WARN_INT_CONVERSION = YES;
				CLANG_WARN_OBJC_ROOT_CLASS = YES_ERROR;
				CLANG_WARN_UNREACHABLE_CODE = YES;
				CLANG_WARN__DUPLICATE_METHOD_MATCH = YES;
				"CODE_SIGN_IDENTITY[sdk=iphoneos*]" = "iPhone Developer";
				COPY_PHASE_STRIP = NO;
				DEBUG_INFORMATION_FORMAT = "dwarf-with-dsym";
				ENABLE_NS_ASSERTIONS = NO;
				ENABLE_STRICT_OBJC_MSGSEND = YES;
				GCC_C_LANGUAGE_STANDARD = gnu99;
				GCC_NO_COMMON_BLOCKS = YES;
				GCC_WARN_64_TO_32_BIT_CONVERSION = YES;
				GCC_WARN_ABOUT_RETURN_TYPE = YES_ERROR;
				GCC_WARN_UNDECLARED_SELECTOR = YES;
				GCC_WARN_UNINITIALIZED_AUTOS = YES_AGGRESSIVE;
				GCC_WARN_UNUSED_FUNCTION = YES;
				GCC_WARN_UNUSED_VARIABLE = YES;
				IPHONEOS_DEPLOYMENT_TARGET = 9.0;
				MTL_ENABLE_DEBUG_INFO = NO;
				SDKROOT = iphoneos;
				TARGETED_DEVICE_FAMILY = "1,2";
				VALIDATE_PRODUCT = YES;
			};
			name = Release;
		};
		C6A9F1AD1B35D69E0047FB72 /* Debug */ = {
			isa = XCBuildConfiguration;
			buildSettings = {
				ASSETCATALOG_COMPILER_APPICON_NAME = AppIcon;
				INFOPLIST_FILE = TinyGrip/Info.plist;
				LD_RUNPATH_SEARCH_PATHS = "$(inherited) @executable_path/Frameworks";
				PRODUCT_BUNDLE_IDENTIFIER = com.tinygrip.TinyGrip;
				PRODUCT_NAME = "$(TARGET_NAME)";
			};
			name = Debug;
		};
		C6A9F1AE1B35D69E0047FB72 /* Release */ = {
			isa = XCBuildConfiguration;
			buildSettings = {
				ASSETCATALOG_COMPILER_APPICON_NAME = AppIcon;
				INFOPLIST_FILE = TinyGrip/Info.plist;
				LD_RUNPATH_SEARCH_PATHS = "$(inherited) @executable_path/Frameworks";
				PRODUCT_BUNDLE_IDENTIFIER = com.tinygrip.TinyGrip;
				PRODUCT_NAME = "$(TARGET_NAME)";
			};
			name = Release;
		};
		C6A9F1B01B35D69E0047FB72 /* Debug */ = {
			isa = XCBuildConfiguration;
			buildSettings = {
				BUNDLE_LOADER = "$(TEST_HOST)";
				INFOPLIST_FILE = TinyGripTests/Info.plist;
				LD_RUNPATH_SEARCH_PATHS = "$(inherited) @executable_path/Frameworks @loader_path/Frameworks";
				PRODUCT_BUNDLE_IDENTIFIER = com.tinygrip.TinyGripTests;
				PRODUCT_NAME = "$(TARGET_NAME)";
				TEST_HOST = "$(BUILT_PRODUCTS_DIR)/TinyGrip.app/TinyGrip";
			};
			name = Debug;
		};
		C6A9F1B11B35D69E0047FB72 /* Release */ = {
			isa = XCBuildConfiguration;
			buildSettings = {
				BUNDLE_LOADER = "$(TEST_HOST)";
				INFOPLIST_FILE = TinyGripTests/Info.plist;
				LD_RUNPATH_SEARCH_PATHS = "$(inherited) @executable_path/Frameworks @loader_path/Frameworks";
				PRODUCT_BUNDLE_IDENTIFIER = com.tinygrip.TinyGripTests;
				PRODUCT_NAME = "$(TARGET_NAME)";
				TEST_HOST = "$(BUILT_PRODUCTS_DIR)/TinyGrip.app/TinyGrip";
			};
			name = Release;
		};
		C6A9F1B31B35D69E0047FB72 /* Debug */ = {
			isa = XCBuildConfiguration;
			buildSettings = {
				INFOPLIST_FILE = TinyGripUITests/Info.plist;
				LD_RUNPATH_SEARCH_PATHS = "$(inherited) @executable_path/Frameworks @loader_path/Frameworks";
				PRODUCT_BUNDLE_IDENTIFIER = com.tinygrip.TinyGripUITests;
				PRODUCT_NAME = "$(TARGET_NAME)";
				TEST_TARGET_NAME = TinyGrip;
				USES_XCTRUNNER = YES;
			};
			name = Debug;
		};
		C6A9F1B41B35D69E0047FB72 /* Release */ = {
			isa = XCBuildConfiguration;
			buildSettings = {
				INFOPLIST_FILE = TinyGripUITests/Info.plist;
				LD_RUNPATH_SEARCH_PATHS = "$(inherited) @executable_path/Frameworks @loader_path/Frameworks";
				PRODUCT_BUNDLE_IDENTIFIER = com.tinygrip.TinyGripUITests;
				PRODUCT_NAME = "$(TARGET_NAME)";
				TEST_TARGET_NAME = TinyGrip;
				USES_XCTRUNNER = YES;
			};
			name = Release;
		};
/* End XCBuildConfiguration section */

/* Begin XCConfigurationList section */
		C6A9F17D1B35D69E0047FB72 /* Build configuration list for PBXProject "TinyGrip" */ = {
			isa = XCConfigurationList;
			buildConfigurations = (
				C6A9F1AA1B35D69E0047FB72 /* Debug */,
				C6A9F1AB1B35D69E0047FB72 /* Release */,
			);
			defaultConfigurationIsVisible = 0;
			defaultConfigurationName = Release;
		};
		C6A9F1AC1B35D69E0047FB72 /* Build configuration list for PBXNativeTarget "TinyGrip" */ = {
			isa = XCConfigurationList;
			buildConfigurations = (
				C6A9F1AD1B35D69E0047FB72 /* Debug */,
				C6A9F1AE1B35D69E0047FB72 /* Release */,
			);
			defaultConfigurationIsVisible = 0;
		};
		C6A9F1AF1B35D69E0047FB72 /* Build configuration list for PBXNativeTarget "TinyGripTests" */ = {
			isa = XCConfigurationList;
			buildConfigurations = (
				C6A9F1B01B35D69E0047FB72 /* Debug */,
				C6A9F1B11B35D69E0047FB72 /* Release */,
			);
			defaultConfigurationIsVisible = 0;
		};
		C6A9F1B21B35D69E0047FB72 /* Build configuration list for PBXNativeTarget "TinyGripUITests" */ = {
			isa = XCConfigurationList;
			buildConfigurations = (
				C6A9F1B31B35D69E0047FB72 /* Debug */,
				C6A9F1B41B35D69E0047FB72 /* Release */,
			);
			defaultConfigurationIsVisible = 0;
		};
/* End XCConfigurationList section */
	};
	rootObject = C6A9F17A1B35D69E0047FB72 /* Project object */;
}
